
Microsoft Visual Studio Solution File, Format Version 12.00
# Visual Studio 15
VisualStudioVersion = 15.0.26430.15
MinimumVisualStudioVersion = 10.0.40219.1
Project("{8BC9CEB8-8B4A-11D0-8D11-00A0C91BC942}") = "corelib", "core\win32\lib\corelib.vcxproj", "{1E6B4E83-37AC-494C-B7C1-B373E802EA7A}"
EndProject
Project("{8BC9CEB8-8B4A-11D0-8D11-00A0C91BC942}") = "simple", "ui\win32\simple\simple.vcxproj", "{CF9646F5-BFB8-42E1-B804-110E7787E242}"
	ProjectSection(ProjectDependencies) = postProject
		{1E6B4E83-37AC-494C-B7C1-B373E802EA7A} = {1E6B4E83-37AC-494C-B7C1-B373E802EA7A}
	EndProjectSection
EndProject
Project("{8BC9CEB8-8B4A-11D0-8D11-00A0C91BC942}") = "simple_vp", "ui\win32\simple_vp\simple_vp.vcxproj", "{210C9D1A-E242-4B51-8446-9F2E9A5B1FD7}"
	ProjectSection(ProjectDependencies) = postProject
		{1E6B4E83-37AC-494C-B7C1-B373E802EA7A} = {1E6B4E83-37AC-494C-B7C1-B373E802EA7A}
	EndProjectSection
EndProject
Global
	GlobalSection(SolutionConfigurationPlatforms) = preSolution
		Debug|x64 = Debug|x64
		Debug|x86 = Debug|x86
		Release|x64 = Release|x64
		Release|x86 = Release|x86
	EndGlobalSection
	GlobalSection(ProjectConfigurationPlatforms) = postSolution
		{1E6B4E83-37AC-494C-B7C1-B373E802EA7A}.Debug|x64.ActiveCfg = Debug|x64
		{1E6B4E83-37AC-494C-B7C1-B373E802EA7A}.Debug|x64.Build.0 = Debug|x64
		{1E6B4E83-37AC-494C-B7C1-B373E802EA7A}.Debug|x86.ActiveCfg = Debug|Win32
		{1E6B4E83-37AC-494C-B7C1-B373E802EA7A}.Debug|x86.Build.0 = Debug|Win32
		{1E6B4E83-37AC-494C-B7C1-B373E802EA7A}.Release|x64.ActiveCfg = Release|x64
		{1E6B4E83-37AC-494C-B7C1-B373E802EA7A}.Release|x64.Build.0 = Release|x64
		{1E6B4E83-37AC-494C-B7C1-B373E802EA7A}.Release|x86.ActiveCfg = Release|Win32
		{1E6B4E83-37AC-494C-B7C1-B373E802EA7A}.Release|x86.Build.0 = Release|Win32
		{CF9646F5-BFB8-42E1-B804-110E7787E242}.Debug|x64.ActiveCfg = Debug|x64
		{CF9646F5-BFB8-42E1-B804-110E7787E242}.Debug|x64.Build.0 = Debug|x64
		{CF9646F5-BFB8-42E1-B804-110E7787E242}.Debug|x86.ActiveCfg = Debug|Win32
		{CF9646F5-BFB8-42E1-B804-110E7787E242}.Debug|x86.Build.0 = Debug|Win32
		{CF9646F5-BFB8-42E1-B804-110E7787E242}.Release|x64.ActiveCfg = Release|x64
		{CF9646F5-BFB8-42E1-B804-110E7787E242}.Release|x64.Build.0 = Release|x64
		{CF9646F5-BFB8-42E1-B804-110E7787E242}.Release|x86.ActiveCfg = Release|Win32
		{CF9646F5-BFB8-42E1-B804-110E7787E242}.Release|x86.Build.0 = Release|Win32
		{210C9D1A-E242-4B51-8446-9F2E9A5B1FD7}.Debug|x64.ActiveCfg = Debug|x64
		{210C9D1A-E242-4B51-8446-9F2E9A5B1FD7}.Debug|x64.Build.0 = Debug|x64
		{210C9D1A-E242-4B51-8446-9F2E9A5B1FD7}.Debug|x86.ActiveCfg = Debug|Win32
		{210C9D1A-E242-4B51-8446-9F2E9A5B1FD7}.Debug|x86.Build.0 = Debug|Win32
		{210C9D1A-E242-4B51-8446-9F2E9A5B1FD7}.Release|x64.ActiveCfg = Release|x64
		{210C9D1A-E242-4B51-8446-9F2E9A5B1FD7}.Release|x64.Build.0 = Release|x64
		{210C9D1A-E242-4B51-8446-9F2E9A5B1FD7}.Release|x86.ActiveCfg = Release|Win32
		{210C9D1A-E242-4B51-8446-9F2E9A5B1FD7}.Release|x86.Build.0 = Release|Win32
	EndGlobalSection
	GlobalSection(SolutionProperties) = preSolution
		HideSolutionNode = FALSE
	EndGlobalSection
EndGlobal
