<?xml version="1.0" encoding="utf-8"?>
<Project ToolsVersion="4.0" xmlns="http://schemas.microsoft.com/developer/msbuild/2003">
  <ItemGroup>
    <Filter Include="リソース ファイル">
      <UniqueIdentifier>{67DA6AB6-F800-4c08-8B7A-83BB121AAD01}</UniqueIdentifier>
      <Extensions>rc;ico;cur;bmp;dlg;rc2;rct;bin;rgs;gif;jpg;jpeg;jpe;resx;tiff;tif;png;wav;mfcribbon-ms</Extensions>
    </Filter>
    <Filter Include="Core Source">
      <UniqueIdentifier>{4FC737F1-C7A5-4376-A066-2A32D752A2FF}</UniqueIdentifier>
      <Extensions>cpp;c;cc;cxx;def;odl;idl;hpj;bat;asm;asmx</Extensions>
    </Filter>
    <Filter Include="Win32 Includes">
      <UniqueIdentifier>{711fb040-b56c-4304-a57e-f40d821d54e1}</UniqueIdentifier>
      <Extensions>h;hh;hpp;hxx;hm;inl;inc;xsd</Extensions>
    </Filter>
    <Filter Include="Core Includes">
      <UniqueIdentifier>{93995380-89BD-4b04-88EB-625FBE52EBFB}</UniqueIdentifier>
      <Extensions>h;hh;hpp;hxx;hm;inl;inc;xsd</Extensions>
    </Filter>
    <Filter Include="Win32 Source">
      <UniqueIdentifier>{4ad9e6f5-c760-4c20-8384-4f0f490325df}</UniqueIdentifier>
      <Extensions>cpp;c;cc;cxx;def;odl;idl;hpj;bat;asm;asmx</Extensions>
    </Filter>
  </ItemGroup>
  <ItemGroup>
    <ClCompile Include="..\seh.cpp">
      <Filter>Win32 Source</Filter>
    </ClCompile>
    <ClCompile Include="..\wsocket.cpp">
      <Filter>Win32 Source</Filter>
    </ClCompile>
    <ClCompile Include="..\wsys.cpp">
      <Filter>Win32 Source</Filter>
    </ClCompile>
    <ClCompile Include="..\..\common\channel.cpp">
      <Filter>Core Source</Filter>
    </ClCompile>
    <ClCompile Include="..\..\common\flv.cpp">
      <Filter>Core Source</Filter>
    </ClCompile>
    <ClCompile Include="..\..\common\gnutella.cpp">
      <Filter>Core Source</Filter>
    </ClCompile>
    <ClCompile Include="..\..\common\html.cpp">
      <Filter>Core Source</Filter>
    </ClCompile>
    <ClCompile Include="..\..\common\http.cpp">
      <Filter>Core Source</Filter>
    </ClCompile>
    <ClCompile Include="..\..\common\icy.cpp">
      <Filter>Core Source</Filter>
    </ClCompile>
    <ClCompile Include="..\..\common\inifile.cpp">
      <Filter>Core Source</Filter>
    </ClCompile>
    <ClCompile Include="..\..\common\jis.cpp">
      <Filter>Core Source</Filter>
    </ClCompile>
    <ClCompile Include="..\..\common\mms.cpp">
      <Filter>Core Source</Filter>
    </ClCompile>
    <ClCompile Include="..\..\common\mp3.cpp">
      <Filter>Core Source</Filter>
    </ClCompile>
    <ClCompile Include="..\..\common\nsv.cpp">
      <Filter>Core Source</Filter>
    </ClCompile>
    <ClCompile Include="..\..\common\ogg.cpp">
      <Filter>Core Source</Filter>
    </ClCompile>
    <ClCompile Include="..\..\common\pcp.cpp">
      <Filter>Core Source</Filter>
    </ClCompile>
    <ClCompile Include="..\..\common\peercast.cpp">
      <Filter>Core Source</Filter>
    </ClCompile>
    <ClCompile Include="..\..\common\servent.cpp">
      <Filter>Core Source</Filter>
    </ClCompile>
    <ClCompile Include="..\..\common\servhs.cpp">
      <Filter>Core Source</Filter>
    </ClCompile>
    <ClCompile Include="..\..\common\servmgr.cpp">
      <Filter>Core Source</Filter>
    </ClCompile>
    <ClCompile Include="..\..\common\stats.cpp">
      <Filter>Core Source</Filter>
    </ClCompile>
    <ClCompile Include="..\..\common\stream.cpp">
      <Filter>Core Source</Filter>
    </ClCompile>
    <ClCompile Include="..\..\common\sys.cpp">
      <Filter>Core Source</Filter>
    </ClCompile>
    <ClCompile Include="..\..\common\url.cpp">
      <Filter>Core Source</Filter>
    </ClCompile>
    <ClCompile Include="..\..\common\xml.cpp">
      <Filter>Core Source</Filter>
    </ClCompile>
  </ItemGroup>
  <ItemGroup>
    <ClInclude Include="..\seh.h">
      <Filter>Win32 Includes</Filter>
    </ClInclude>
    <ClInclude Include="..\ts_vector.h">
      <Filter>Win32 Includes</Filter>
    </ClInclude>
    <ClInclude Include="..\wsocket.h">
      <Filter>Win32 Includes</Filter>
    </ClInclude>
    <ClInclude Include="..\wsys.h">
      <Filter>Win32 Includes</Filter>
    </ClInclude>
    <ClInclude Include="..\..\common\addrCont.h">
      <Filter>Core Includes</Filter>
    </ClInclude>
    <ClInclude Include="..\..\common\asf.h">
      <Filter>Core Includes</Filter>
    </ClInclude>
    <ClInclude Include="..\..\common\atom.h">
      <Filter>Core Includes</Filter>
    </ClInclude>
    <ClInclude Include="..\..\common\channel.h">
      <Filter>Core Includes</Filter>
    </ClInclude>
    <ClInclude Include="..\..\common\common.h">
      <Filter>Core Includes</Filter>
    </ClInclude>
    <ClInclude Include="..\..\common\cstream.h">
      <Filter>Core Includes</Filter>
    </ClInclude>
    <ClInclude Include="..\..\common\flv.h">
      <Filter>Core Includes</Filter>
    </ClInclude>
    <ClInclude Include="..\..\common\gnutella.h">
      <Filter>Core Includes</Filter>
    </ClInclude>
    <ClInclude Include="..\..\common\html-xml.h">
      <Filter>Core Includes</Filter>
    </ClInclude>
    <ClInclude Include="..\..\common\html.h">
      <Filter>Core Includes</Filter>
    </ClInclude>
    <ClInclude Include="..\..\common\http.h">
      <Filter>Core Includes</Filter>
    </ClInclude>
    <ClInclude Include="..\..\common\icy.h">
      <Filter>Core Includes</Filter>
    </ClInclude>
    <ClInclude Include="..\..\common\id.h">
      <Filter>Core Includes</Filter>
    </ClInclude>
    <ClInclude Include="..\..\common\inifile.h">
      <Filter>Core Includes</Filter>
    </ClInclude>
    <ClInclude Include="..\..\common\jis.h">
      <Filter>Core Includes</Filter>
    </ClInclude>
    <ClInclude Include="..\..\common\mms.h">
      <Filter>Core Includes</Filter>
    </ClInclude>
    <ClInclude Include="..\..\common\mp3.h">
      <Filter>Core Includes</Filter>
    </ClInclude>
    <ClInclude Include="..\..\common\nsv.h">
      <Filter>Core Includes</Filter>
    </ClInclude>
    <ClInclude Include="..\..\common\ogg.h">
      <Filter>Core Includes</Filter>
    </ClInclude>
    <ClInclude Include="..\..\common\pcp.h">
      <Filter>Core Includes</Filter>
    </ClInclude>
    <ClInclude Include="..\..\common\peercast.h">
      <Filter>Core Includes</Filter>
    </ClInclude>
    <ClInclude Include="..\..\common\servent.h">
      <Filter>Core Includes</Filter>
    </ClInclude>
    <ClInclude Include="..\..\common\servmgr.h">
      <Filter>Core Includes</Filter>
    </ClInclude>
    <ClInclude Include="..\..\common\socket.h">
      <Filter>Core Includes</Filter>
    </ClInclude>
    <ClInclude Include="..\..\common\stats.h">
      <Filter>Core Includes</Filter>
    </ClInclude>
    <ClInclude Include="..\..\common\stream.h">
      <Filter>Core Includes</Filter>
    </ClInclude>
    <ClInclude Include="..\..\common\sys.h">
      <Filter>Core Includes</Filter>
    </ClInclude>
    <ClInclude Include="..\..\common\ts_vector.h">
      <Filter>Core Includes</Filter>
    </ClInclude>
    <ClInclude Include="..\..\common\url.h">
      <Filter>Core Includes</Filter>
    </ClInclude>
    <ClInclude Include="..\..\common\version2.h">
      <Filter>Core Includes</Filter>
    </ClInclude>
    <ClInclude Include="..\..\common\xml.h">
      <Filter>Core Includes</Filter>
    </ClInclude>
  </ItemGroup>
</Project>